// !$*UTF8*$!
{
	archiveVersion = 1;
	classes = {
	};
	objectVersion = 50;
	objects = {

/* Begin PBXBuildFile section */
		52D2E24A1A62179C7D12E031 /* Pods_TeamworkTests.framework in Frameworks */ = {isa = PBXBuildFile; fileRef = 24DE21788102CE6E67449681 /* Pods_TeamworkTests.framework */; };
		B358E572C4B0154F041FBAE7 /* Pods_Teamwork.framework in Frameworks */ = {isa = PBXBuildFile; fileRef = DE483319967CEF3B75354017 /* Pods_Teamwork.framework */; };
		EE1A420221975EC8003709FA /* Assets.xcassets in Resources */ = {isa = PBXBuildFile; fileRef = EE1A420021975EC8003709FA /* Assets.xcassets */; };
		EE1A420521975F1E003709FA /* APIClient.swift in Sources */ = {isa = PBXBuildFile; fileRef = EE1A420421975F1E003709FA /* APIClient.swift */; };
		EE1A420921977255003709FA /* ProjectsAPIDataSourceTest.swift in Sources */ = {isa = PBXBuildFile; fileRef = EE1A420821977255003709FA /* ProjectsAPIDataSourceTest.swift */; };
		EE1A420D21978350003709FA /* Projects.json in Resources */ = {isa = PBXBuildFile; fileRef = EE1A420C21978350003709FA /* Projects.json */; };
		EE1A420F2197872B003709FA /* Person.json in Resources */ = {isa = PBXBuildFile; fileRef = EE1A420E2197872B003709FA /* Person.json */; };
		EE1A42122197885C003709FA /* ProjectsAPIDataSource.swift in Sources */ = {isa = PBXBuildFile; fileRef = EE1A42112197885B003709FA /* ProjectsAPIDataSource.swift */; };
		EE2760A02195E1AA003B1AB1 /* ProjectsDataSourceAssembly.swift in Sources */ = {isa = PBXBuildFile; fileRef = EE27609F2195E1AA003B1AB1 /* ProjectsDataSourceAssembly.swift */; };
		EE2760A22195E21D003B1AB1 /* AccountDataSourceAssembly.swift in Sources */ = {isa = PBXBuildFile; fileRef = EE2760A12195E21D003B1AB1 /* AccountDataSourceAssembly.swift */; };
		EE2760AA2195E327003B1AB1 /* Result.swift in Sources */ = {isa = PBXBuildFile; fileRef = EE2760A52195E327003B1AB1 /* Result.swift */; };
		EE2760AB2195E327003B1AB1 /* Project.swift in Sources */ = {isa = PBXBuildFile; fileRef = EE2760A62195E327003B1AB1 /* Project.swift */; };
		EE2760AC2195E327003B1AB1 /* PeopleDataSource.swift in Sources */ = {isa = PBXBuildFile; fileRef = EE2760A72195E327003B1AB1 /* PeopleDataSource.swift */; };
		EE2760AD2195E327003B1AB1 /* Person.swift in Sources */ = {isa = PBXBuildFile; fileRef = EE2760A82195E327003B1AB1 /* Person.swift */; };
		EE2760AE2195E327003B1AB1 /* ProjectsDataSource.swift in Sources */ = {isa = PBXBuildFile; fileRef = EE2760A92195E327003B1AB1 /* ProjectsDataSource.swift */; };
		EE2760BA2195E419003B1AB1 /* ProjectsPresenter.swift in Sources */ = {isa = PBXBuildFile; fileRef = EE2760B92195E419003B1AB1 /* ProjectsPresenter.swift */; };
		EE2760BD2195E9B1003B1AB1 /* ProjectsViewController.swift in Sources */ = {isa = PBXBuildFile; fileRef = EE2760BB2195E9B0003B1AB1 /* ProjectsViewController.swift */; };
		EE2760BE2195E9B1003B1AB1 /* ProjectsViewController.xib in Resources */ = {isa = PBXBuildFile; fileRef = EE2760BC2195E9B1003B1AB1 /* ProjectsViewController.xib */; };
		EE2760C02195EA0E003B1AB1 /* ProjectsViewControllerAssembly.swift in Sources */ = {isa = PBXBuildFile; fileRef = EE2760BF2195EA0E003B1AB1 /* ProjectsViewControllerAssembly.swift */; };
		EE2760C22195F338003B1AB1 /* TestHelpers.swift in Sources */ = {isa = PBXBuildFile; fileRef = EE2760C12195F338003B1AB1 /* TestHelpers.swift */; };
		EE6CE5B0219483C20063F44E /* ProjetsPresenterTests.swift in Sources */ = {isa = PBXBuildFile; fileRef = EE6CE5AF219483C20063F44E /* ProjetsPresenterTests.swift */; };
		EE6CE5BB219483C20063F44E /* TeamworkUITests.swift in Sources */ = {isa = PBXBuildFile; fileRef = EE6CE5BA219483C20063F44E /* TeamworkUITests.swift */; };
		EE6CE5CD219486F40063F44E /* AppDelegate.swift in Sources */ = {isa = PBXBuildFile; fileRef = EE6CE5CC219486F40063F44E /* AppDelegate.swift */; };
		EE6CE5CF219487040063F44E /* Assembly.swift in Sources */ = {isa = PBXBuildFile; fileRef = EE6CE5CE219487040063F44E /* Assembly.swift */; };
		EE6CE5D2219487100063F44E /* UIColor+App.swift in Sources */ = {isa = PBXBuildFile; fileRef = EE6CE5D0219487100063F44E /* UIColor+App.swift */; };
		EE6CE5D3219487100063F44E /* UIFont+App.swift in Sources */ = {isa = PBXBuildFile; fileRef = EE6CE5D1219487100063F44E /* UIFont+App.swift */; };
		EE898CB22198AC5000B62C05 /* PeopleAPIDataSource.swift in Sources */ = {isa = PBXBuildFile; fileRef = EE898CB12198AC5000B62C05 /* PeopleAPIDataSource.swift */; };
		EE898CB42198ADFD00B62C05 /* PeopleAPIDataSource.swift in Sources */ = {isa = PBXBuildFile; fileRef = EE898CB32198ADFD00B62C05 /* PeopleAPIDataSource.swift */; };
		EE898CB72198B3BD00B62C05 /* ProjectTableViewCell.swift in Sources */ = {isa = PBXBuildFile; fileRef = EE898CB52198B3BD00B62C05 /* ProjectTableViewCell.swift */; };
		EE898CB82198B3BD00B62C05 /* ProjectTableViewCell.xib in Resources */ = {isa = PBXBuildFile; fileRef = EE898CB62198B3BD00B62C05 /* ProjectTableViewCell.xib */; };
		EE898CBA2198BBD800B62C05 /* ProjectDetailPresenter.swift in Sources */ = {isa = PBXBuildFile; fileRef = EE898CB92198BBD800B62C05 /* ProjectDetailPresenter.swift */; };
		EE898CBD2198BBF500B62C05 /* ProjectDetailViewController.swift in Sources */ = {isa = PBXBuildFile; fileRef = EE898CBB2198BBF500B62C05 /* ProjectDetailViewController.swift */; };
		EE898CBE2198BBF500B62C05 /* ProjectDetailViewController.xib in Resources */ = {isa = PBXBuildFile; fileRef = EE898CBC2198BBF500B62C05 /* ProjectDetailViewController.xib */; };
		EE898CC02198BFE000B62C05 /* ProjectDetailViewControllerAssembly.swift in Sources */ = {isa = PBXBuildFile; fileRef = EE898CBF2198BFE000B62C05 /* ProjectDetailViewControllerAssembly.swift */; };
		EE898CC22198C2C100B62C05 /* ProjectDetailPresenterTests.swift in Sources */ = {isa = PBXBuildFile; fileRef = EE898CC12198C2C100B62C05 /* ProjectDetailPresenterTests.swift */; };
		EE9E8777219A090E00D24F80 /* CustomCell.swift in Sources */ = {isa = PBXBuildFile; fileRef = EE9E8776219A090E00D24F80 /* CustomCell.swift */; };
		EE9E8779219A097E00D24F80 /* UIView+App.swift in Sources */ = {isa = PBXBuildFile; fileRef = EE9E8778219A097E00D24F80 /* UIView+App.swift */; };
		EE9E877B219A09F700D24F80 /* LogoView.swift in Sources */ = {isa = PBXBuildFile; fileRef = EE9E877A219A09F700D24F80 /* LogoView.swift */; };
		EE9E877D219A0A4E00D24F80 /* LogoView.xib in Resources */ = {isa = PBXBuildFile; fileRef = EE9E877C219A0A4E00D24F80 /* LogoView.xib */; };
		EE9E877F219A0D0000D24F80 /* DatesView.swift in Sources */ = {isa = PBXBuildFile; fileRef = EE9E877E219A0D0000D24F80 /* DatesView.swift */; };
		EE9E8781219A0D1800D24F80 /* DatesView.xib in Resources */ = {isa = PBXBuildFile; fileRef = EE9E8780219A0D1800D24F80 /* DatesView.xib */; };
		EE9E8783219A0E8700D24F80 /* DescriptionView.swift in Sources */ = {isa = PBXBuildFile; fileRef = EE9E8782219A0E8700D24F80 /* DescriptionView.swift */; };
		EE9E8785219A0E9A00D24F80 /* DescriptionView.xib in Resources */ = {isa = PBXBuildFile; fileRef = EE9E8784219A0E9A00D24F80 /* DescriptionView.xib */; };
		EEC2DDAF219A2691003FDC52 /* PeopleViewController.swift in Sources */ = {isa = PBXBuildFile; fileRef = EEC2DDAD219A2691003FDC52 /* PeopleViewController.swift */; };
		EEC2DDB0219A2691003FDC52 /* PeopleViewController.xib in Resources */ = {isa = PBXBuildFile; fileRef = EEC2DDAE219A2691003FDC52 /* PeopleViewController.xib */; };
		EEC2DDB3219A2738003FDC52 /* PersonCollectionViewCell.swift in Sources */ = {isa = PBXBuildFile; fileRef = EEC2DDB1219A2738003FDC52 /* PersonCollectionViewCell.swift */; };
		EEC2DDB4219A2738003FDC52 /* PersonCollectionViewCell.xib in Resources */ = {isa = PBXBuildFile; fileRef = EEC2DDB2219A2738003FDC52 /* PersonCollectionViewCell.xib */; };
/* End PBXBuildFile section */

/* Begin PBXContainerItemProxy section */
		EE6CE5AC219483C20063F44E /* PBXContainerItemProxy */ = {
			isa = PBXContainerItemProxy;
			containerPortal = EE6CE58F219483C00063F44E /* Project object */;
			proxyType = 1;
			remoteGlobalIDString = EE6CE596219483C00063F44E;
			remoteInfo = Teamwork;
		};
		EE6CE5B7219483C20063F44E /* PBXContainerItemProxy */ = {
			isa = PBXContainerItemProxy;
			containerPortal = EE6CE58F219483C00063F44E /* Project object */;
			proxyType = 1;
			remoteGlobalIDString = EE6CE596219483C00063F44E;
			remoteInfo = Teamwork;
		};
/* End PBXContainerItemProxy section */

/* Begin PBXFileReference section */
		03BCA9C61041E019443D4AA2 /* Pods-TeamworkTests.debug.xcconfig */ = {isa = PBXFileReference; includeInIndex = 1; lastKnownFileType = text.xcconfig; name = "Pods-TeamworkTests.debug.xcconfig"; path = "Pods/Target Support Files/Pods-TeamworkTests/Pods-TeamworkTests.debug.xcconfig"; sourceTree = "<group>"; };
		24DE21788102CE6E67449681 /* Pods_TeamworkTests.framework */ = {isa = PBXFileReference; explicitFileType = wrapper.framework; includeInIndex = 0; path = Pods_TeamworkTests.framework; sourceTree = BUILT_PRODUCTS_DIR; };
		6965E317AA1EC54DD9DF2B51 /* Pods-Teamwork.debug.xcconfig */ = {isa = PBXFileReference; includeInIndex = 1; lastKnownFileType = text.xcconfig; name = "Pods-Teamwork.debug.xcconfig"; path = "Pods/Target Support Files/Pods-Teamwork/Pods-Teamwork.debug.xcconfig"; sourceTree = "<group>"; };
		772B3FDA1477F306D8B3AB8D /* Pods-Teamwork.release.xcconfig */ = {isa = PBXFileReference; includeInIndex = 1; lastKnownFileType = text.xcconfig; name = "Pods-Teamwork.release.xcconfig"; path = "Pods/Target Support Files/Pods-Teamwork/Pods-Teamwork.release.xcconfig"; sourceTree = "<group>"; };
		BEACF09145B287BAAF020E42 /* Pods-TeamworkTests.release.xcconfig */ = {isa = PBXFileReference; includeInIndex = 1; lastKnownFileType = text.xcconfig; name = "Pods-TeamworkTests.release.xcconfig"; path = "Pods/Target Support Files/Pods-TeamworkTests/Pods-TeamworkTests.release.xcconfig"; sourceTree = "<group>"; };
		DE483319967CEF3B75354017 /* Pods_Teamwork.framework */ = {isa = PBXFileReference; explicitFileType = wrapper.framework; includeInIndex = 0; path = Pods_Teamwork.framework; sourceTree = BUILT_PRODUCTS_DIR; };
		EE1A420021975EC8003709FA /* Assets.xcassets */ = {isa = PBXFileReference; lastKnownFileType = folder.assetcatalog; path = Assets.xcassets; sourceTree = "<group>"; };
		EE1A420121975EC8003709FA /* Info.plist */ = {isa = PBXFileReference; fileEncoding = 4; lastKnownFileType = text.plist.xml; path = Info.plist; sourceTree = "<group>"; };
		EE1A420421975F1E003709FA /* APIClient.swift */ = {isa = PBXFileReference; lastKnownFileType = sourcecode.swift; path = APIClient.swift; sourceTree = "<group>"; };
		EE1A420821977255003709FA /* ProjectsAPIDataSourceTest.swift */ = {isa = PBXFileReference; lastKnownFileType = sourcecode.swift; path = ProjectsAPIDataSourceTest.swift; sourceTree = "<group>"; };
		EE1A420C21978350003709FA /* Projects.json */ = {isa = PBXFileReference; lastKnownFileType = text.json; path = Projects.json; sourceTree = "<group>"; };
		EE1A420E2197872B003709FA /* Person.json */ = {isa = PBXFileReference; lastKnownFileType = text.json; path = Person.json; sourceTree = "<group>"; };
		EE1A42112197885B003709FA /* ProjectsAPIDataSource.swift */ = {isa = PBXFileReference; lastKnownFileType = sourcecode.swift; path = ProjectsAPIDataSource.swift; sourceTree = "<group>"; };
		EE27609F2195E1AA003B1AB1 /* ProjectsDataSourceAssembly.swift */ = {isa = PBXFileReference; lastKnownFileType = sourcecode.swift; path = ProjectsDataSourceAssembly.swift; sourceTree = "<group>"; };
		EE2760A12195E21D003B1AB1 /* AccountDataSourceAssembly.swift */ = {isa = PBXFileReference; lastKnownFileType = sourcecode.swift; path = AccountDataSourceAssembly.swift; sourceTree = "<group>"; };
		EE2760A52195E327003B1AB1 /* Result.swift */ = {isa = PBXFileReference; fileEncoding = 4; lastKnownFileType = sourcecode.swift; path = Result.swift; sourceTree = "<group>"; };
		EE2760A62195E327003B1AB1 /* Project.swift */ = {isa = PBXFileReference; fileEncoding = 4; lastKnownFileType = sourcecode.swift; path = Project.swift; sourceTree = "<group>"; };
		EE2760A72195E327003B1AB1 /* PeopleDataSource.swift */ = {isa = PBXFileReference; fileEncoding = 4; lastKnownFileType = sourcecode.swift; path = PeopleDataSource.swift; sourceTree = "<group>"; };
		EE2760A82195E327003B1AB1 /* Person.swift */ = {isa = PBXFileReference; fileEncoding = 4; lastKnownFileType = sourcecode.swift; path = Person.swift; sourceTree = "<group>"; };
		EE2760A92195E327003B1AB1 /* ProjectsDataSource.swift */ = {isa = PBXFileReference; fileEncoding = 4; lastKnownFileType = sourcecode.swift; path = ProjectsDataSource.swift; sourceTree = "<group>"; };
		EE2760B92195E419003B1AB1 /* ProjectsPresenter.swift */ = {isa = PBXFileReference; fileEncoding = 4; lastKnownFileType = sourcecode.swift; path = ProjectsPresenter.swift; sourceTree = "<group>"; };
		EE2760BB2195E9B0003B1AB1 /* ProjectsViewController.swift */ = {isa = PBXFileReference; lastKnownFileType = sourcecode.swift; path = ProjectsViewController.swift; sourceTree = "<group>"; };
		EE2760BC2195E9B1003B1AB1 /* ProjectsViewController.xib */ = {isa = PBXFileReference; lastKnownFileType = file.xib; path = ProjectsViewController.xib; sourceTree = "<group>"; };
		EE2760BF2195EA0E003B1AB1 /* ProjectsViewControllerAssembly.swift */ = {isa = PBXFileReference; lastKnownFileType = sourcecode.swift; name = ProjectsViewControllerAssembly.swift; path = /Users/pedro.cabrera/Documents/Dev/Experiements/Teamwork/Teamwork/Teamwork/App/Assembly/ProjectsViewControllerAssembly.swift; sourceTree = "<absolute>"; };
		EE2760C12195F338003B1AB1 /* TestHelpers.swift */ = {isa = PBXFileReference; lastKnownFileType = sourcecode.swift; path = TestHelpers.swift; sourceTree = "<group>"; };
		EE6CE597219483C00063F44E /* Teamwork.app */ = {isa = PBXFileReference; explicitFileType = wrapper.application; includeInIndex = 0; path = Teamwork.app; sourceTree = BUILT_PRODUCTS_DIR; };
		EE6CE5AB219483C20063F44E /* TeamworkTests.xctest */ = {isa = PBXFileReference; explicitFileType = wrapper.cfbundle; includeInIndex = 0; path = TeamworkTests.xctest; sourceTree = BUILT_PRODUCTS_DIR; };
		EE6CE5AF219483C20063F44E /* ProjetsPresenterTests.swift */ = {isa = PBXFileReference; lastKnownFileType = sourcecode.swift; path = ProjetsPresenterTests.swift; sourceTree = "<group>"; };
		EE6CE5B1219483C20063F44E /* Info.plist */ = {isa = PBXFileReference; lastKnownFileType = text.plist.xml; path = Info.plist; sourceTree = "<group>"; };
		EE6CE5B6219483C20063F44E /* TeamworkUITests.xctest */ = {isa = PBXFileReference; explicitFileType = wrapper.cfbundle; includeInIndex = 0; path = TeamworkUITests.xctest; sourceTree = BUILT_PRODUCTS_DIR; };
		EE6CE5BA219483C20063F44E /* TeamworkUITests.swift */ = {isa = PBXFileReference; lastKnownFileType = sourcecode.swift; path = TeamworkUITests.swift; sourceTree = "<group>"; };
		EE6CE5BC219483C20063F44E /* Info.plist */ = {isa = PBXFileReference; lastKnownFileType = text.plist.xml; path = Info.plist; sourceTree = "<group>"; };
		EE6CE5CC219486F40063F44E /* AppDelegate.swift */ = {isa = PBXFileReference; fileEncoding = 4; lastKnownFileType = sourcecode.swift; path = AppDelegate.swift; sourceTree = "<group>"; };
		EE6CE5CE219487040063F44E /* Assembly.swift */ = {isa = PBXFileReference; fileEncoding = 4; lastKnownFileType = sourcecode.swift; name = Assembly.swift; path = Teamwork/App/Assembly/Assembly.swift; sourceTree = SOURCE_ROOT; };
		EE6CE5D0219487100063F44E /* UIColor+App.swift */ = {isa = PBXFileReference; fileEncoding = 4; lastKnownFileType = sourcecode.swift; name = "UIColor+App.swift"; path = "Teamwork/App/Extensions/UIColor+App.swift"; sourceTree = SOURCE_ROOT; };
		EE6CE5D1219487100063F44E /* UIFont+App.swift */ = {isa = PBXFileReference; fileEncoding = 4; lastKnownFileType = sourcecode.swift; name = "UIFont+App.swift"; path = "Teamwork/App/Extensions/UIFont+App.swift"; sourceTree = SOURCE_ROOT; };
		EE898CB12198AC5000B62C05 /* PeopleAPIDataSource.swift */ = {isa = PBXFileReference; lastKnownFileType = sourcecode.swift; path = PeopleAPIDataSource.swift; sourceTree = "<group>"; };
		EE898CB32198ADFD00B62C05 /* PeopleAPIDataSource.swift */ = {isa = PBXFileReference; lastKnownFileType = sourcecode.swift; path = PeopleAPIDataSource.swift; sourceTree = "<group>"; };
		EE898CB52198B3BD00B62C05 /* ProjectTableViewCell.swift */ = {isa = PBXFileReference; lastKnownFileType = sourcecode.swift; path = ProjectTableViewCell.swift; sourceTree = "<group>"; };
		EE898CB62198B3BD00B62C05 /* ProjectTableViewCell.xib */ = {isa = PBXFileReference; lastKnownFileType = file.xib; path = ProjectTableViewCell.xib; sourceTree = "<group>"; };
		EE898CB92198BBD800B62C05 /* ProjectDetailPresenter.swift */ = {isa = PBXFileReference; lastKnownFileType = sourcecode.swift; path = ProjectDetailPresenter.swift; sourceTree = "<group>"; };
		EE898CBB2198BBF500B62C05 /* ProjectDetailViewController.swift */ = {isa = PBXFileReference; lastKnownFileType = sourcecode.swift; path = ProjectDetailViewController.swift; sourceTree = "<group>"; };
		EE898CBC2198BBF500B62C05 /* ProjectDetailViewController.xib */ = {isa = PBXFileReference; lastKnownFileType = file.xib; path = ProjectDetailViewController.xib; sourceTree = "<group>"; };
		EE898CBF2198BFE000B62C05 /* ProjectDetailViewControllerAssembly.swift */ = {isa = PBXFileReference; lastKnownFileType = sourcecode.swift; path = ProjectDetailViewControllerAssembly.swift; sourceTree = "<group>"; };
		EE898CC12198C2C100B62C05 /* ProjectDetailPresenterTests.swift */ = {isa = PBXFileReference; lastKnownFileType = sourcecode.swift; path = ProjectDetailPresenterTests.swift; sourceTree = "<group>"; };
		EE9E8776219A090E00D24F80 /* CustomCell.swift */ = {isa = PBXFileReference; lastKnownFileType = sourcecode.swift; path = CustomCell.swift; sourceTree = "<group>"; };
		EE9E8778219A097E00D24F80 /* UIView+App.swift */ = {isa = PBXFileReference; lastKnownFileType = sourcecode.swift; path = "UIView+App.swift"; sourceTree = "<group>"; };
		EE9E877A219A09F700D24F80 /* LogoView.swift */ = {isa = PBXFileReference; lastKnownFileType = sourcecode.swift; path = LogoView.swift; sourceTree = "<group>"; };
		EE9E877C219A0A4E00D24F80 /* LogoView.xib */ = {isa = PBXFileReference; lastKnownFileType = file.xib; path = LogoView.xib; sourceTree = "<group>"; };
		EE9E877E219A0D0000D24F80 /* DatesView.swift */ = {isa = PBXFileReference; lastKnownFileType = sourcecode.swift; path = DatesView.swift; sourceTree = "<group>"; };
		EE9E8780219A0D1800D24F80 /* DatesView.xib */ = {isa = PBXFileReference; lastKnownFileType = file.xib; path = DatesView.xib; sourceTree = "<group>"; };
		EE9E8782219A0E8700D24F80 /* DescriptionView.swift */ = {isa = PBXFileReference; lastKnownFileType = sourcecode.swift; path = DescriptionView.swift; sourceTree = "<group>"; };
		EE9E8784219A0E9A00D24F80 /* DescriptionView.xib */ = {isa = PBXFileReference; lastKnownFileType = file.xib; path = DescriptionView.xib; sourceTree = "<group>"; };
		EEC2DDAD219A2691003FDC52 /* PeopleViewController.swift */ = {isa = PBXFileReference; lastKnownFileType = sourcecode.swift; path = PeopleViewController.swift; sourceTree = "<group>"; };
		EEC2DDAE219A2691003FDC52 /* PeopleViewController.xib */ = {isa = PBXFileReference; lastKnownFileType = file.xib; path = PeopleViewController.xib; sourceTree = "<group>"; };
		EEC2DDB1219A2738003FDC52 /* PersonCollectionViewCell.swift */ = {isa = PBXFileReference; lastKnownFileType = sourcecode.swift; path = PersonCollectionViewCell.swift; sourceTree = "<group>"; };
		EEC2DDB2219A2738003FDC52 /* PersonCollectionViewCell.xib */ = {isa = PBXFileReference; lastKnownFileType = file.xib; path = PersonCollectionViewCell.xib; sourceTree = "<group>"; };
/* End PBXFileReference section */

/* Begin PBXFrameworksBuildPhase section */
		EE6CE594219483C00063F44E /* Frameworks */ = {
			isa = PBXFrameworksBuildPhase;
			buildActionMask = 2147483647;
			files = (
				B358E572C4B0154F041FBAE7 /* Pods_Teamwork.framework in Frameworks */,
			);
			runOnlyForDeploymentPostprocessing = 0;
		};
		EE6CE5A8219483C20063F44E /* Frameworks */ = {
			isa = PBXFrameworksBuildPhase;
			buildActionMask = 2147483647;
			files = (
				52D2E24A1A62179C7D12E031 /* Pods_TeamworkTests.framework in Frameworks */,
			);
			runOnlyForDeploymentPostprocessing = 0;
		};
		EE6CE5B3219483C20063F44E /* Frameworks */ = {
			isa = PBXFrameworksBuildPhase;
			buildActionMask = 2147483647;
			files = (
			);
			runOnlyForDeploymentPostprocessing = 0;
		};
/* End PBXFrameworksBuildPhase section */

/* Begin PBXGroup section */
		405980CFC16B08993EB9DB64 /* Frameworks */ = {
			isa = PBXGroup;
			children = (
				DE483319967CEF3B75354017 /* Pods_Teamwork.framework */,
				24DE21788102CE6E67449681 /* Pods_TeamworkTests.framework */,
			);
			name = Frameworks;
			sourceTree = "<group>";
		};
		C7FD2F52910D4D131C3694F2 /* Pods */ = {
			isa = PBXGroup;
			children = (
				6965E317AA1EC54DD9DF2B51 /* Pods-Teamwork.debug.xcconfig */,
				772B3FDA1477F306D8B3AB8D /* Pods-Teamwork.release.xcconfig */,
				03BCA9C61041E019443D4AA2 /* Pods-TeamworkTests.debug.xcconfig */,
				BEACF09145B287BAAF020E42 /* Pods-TeamworkTests.release.xcconfig */,
			);
			name = Pods;
			sourceTree = "<group>";
		};
		EE1A41FF21975EBB003709FA /* Resources */ = {
			isa = PBXGroup;
			children = (
				EE1A420021975EC8003709FA /* Assets.xcassets */,
				EE1A420121975EC8003709FA /* Info.plist */,
			);
			path = Resources;
			sourceTree = "<group>";
		};
		EE1A420A21978321003709FA /* Fixtures */ = {
			isa = PBXGroup;
			children = (
				EE1A420C21978350003709FA /* Projects.json */,
				EE1A420E2197872B003709FA /* Person.json */,
			);
			path = Fixtures;
			sourceTree = "<group>";
		};
		EE1A4210219787F5003709FA /* Models */ = {
			isa = PBXGroup;
			children = (
				EE2760A52195E327003B1AB1 /* Result.swift */,
				EE2760A82195E327003B1AB1 /* Person.swift */,
				EE2760A62195E327003B1AB1 /* Project.swift */,
			);
			path = Models;
			sourceTree = "<group>";
		};
		EE1A421321978887003709FA /* API */ = {
			isa = PBXGroup;
			children = (
				EE1A420421975F1E003709FA /* APIClient.swift */,
				EE1A42112197885B003709FA /* ProjectsAPIDataSource.swift */,
				EE898CB12198AC5000B62C05 /* PeopleAPIDataSource.swift */,
			);
			path = API;
			sourceTree = "<group>";
		};
		EE2760A42195E300003B1AB1 /* Data */ = {
			isa = PBXGroup;
			children = (
				EE2760A72195E327003B1AB1 /* PeopleDataSource.swift */,
				EE2760A92195E327003B1AB1 /* ProjectsDataSource.swift */,
				EE1A421321978887003709FA /* API */,
				EE1A4210219787F5003709FA /* Models */,
			);
			path = Data;
			sourceTree = "<group>";
		};
		EE2760B02195E376003B1AB1 /* Presentation */ = {
			isa = PBXGroup;
			children = (
				EE2760B42195E394003B1AB1 /* Project detail */,
				EE2760B12195E37D003B1AB1 /* Projects */,
			);
			path = Presentation;
			sourceTree = "<group>";
		};
		EE2760B12195E37D003B1AB1 /* Projects */ = {
			isa = PBXGroup;
			children = (
				EE2760B32195E389003B1AB1 /* View */,
				EE2760B22195E384003B1AB1 /* Presenter */,
			);
			path = Projects;
			sourceTree = "<group>";
		};
		EE2760B22195E384003B1AB1 /* Presenter */ = {
			isa = PBXGroup;
			children = (
				EE2760B92195E419003B1AB1 /* ProjectsPresenter.swift */,
			);
			path = Presenter;
			sourceTree = "<group>";
		};
		EE2760B32195E389003B1AB1 /* View */ = {
			isa = PBXGroup;
			children = (
				EE2760BB2195E9B0003B1AB1 /* ProjectsViewController.swift */,
				EE2760BC2195E9B1003B1AB1 /* ProjectsViewController.xib */,
				EE898CB52198B3BD00B62C05 /* ProjectTableViewCell.swift */,
				EE898CB62198B3BD00B62C05 /* ProjectTableViewCell.xib */,
			);
			path = View;
			sourceTree = "<group>";
		};
		EE2760B42195E394003B1AB1 /* Project detail */ = {
			isa = PBXGroup;
			children = (
				EE2760B62195E3A2003B1AB1 /* Presenter */,
				EE2760B52195E39E003B1AB1 /* View */,
			);
			path = "Project detail";
			sourceTree = "<group>";
		};
		EE2760B52195E39E003B1AB1 /* View */ = {
			isa = PBXGroup;
			children = (
				EE9E8775219A08A500D24F80 /* Cells */,
				EE898CBB2198BBF500B62C05 /* ProjectDetailViewController.swift */,
				EE898CBC2198BBF500B62C05 /* ProjectDetailViewController.xib */,
			);
			path = View;
			sourceTree = "<group>";
		};
		EE2760B62195E3A2003B1AB1 /* Presenter */ = {
			isa = PBXGroup;
			children = (
				EE898CB92198BBD800B62C05 /* ProjectDetailPresenter.swift */,
			);
			path = Presenter;
			sourceTree = "<group>";
		};
		EE6CE58E219483C00063F44E = {
			isa = PBXGroup;
			children = (
				EE6CE599219483C00063F44E /* Teamwork */,
				EE6CE5AE219483C20063F44E /* TeamworkTests */,
				EE6CE5B9219483C20063F44E /* TeamworkUITests */,
				EE6CE598219483C00063F44E /* Products */,
				C7FD2F52910D4D131C3694F2 /* Pods */,
				405980CFC16B08993EB9DB64 /* Frameworks */,
			);
			sourceTree = "<group>";
		};
		EE6CE598219483C00063F44E /* Products */ = {
			isa = PBXGroup;
			children = (
				EE6CE597219483C00063F44E /* Teamwork.app */,
				EE6CE5AB219483C20063F44E /* TeamworkTests.xctest */,
				EE6CE5B6219483C20063F44E /* TeamworkUITests.xctest */,
			);
			name = Products;
			sourceTree = "<group>";
		};
		EE6CE599219483C00063F44E /* Teamwork */ = {
			isa = PBXGroup;
			children = (
				EE6CE5C8219485E20063F44E /* App */,
				EE2760A42195E300003B1AB1 /* Data */,
				EE2760B02195E376003B1AB1 /* Presentation */,
				EE1A41FF21975EBB003709FA /* Resources */,
			);
			path = Teamwork;
			sourceTree = "<group>";
		};
		EE6CE5AE219483C20063F44E /* TeamworkTests */ = {
			isa = PBXGroup;
			children = (
				EE1A420A21978321003709FA /* Fixtures */,
				EE6CE5AF219483C20063F44E /* ProjetsPresenterTests.swift */,
				EE898CC12198C2C100B62C05 /* ProjectDetailPresenterTests.swift */,
				EE2760C12195F338003B1AB1 /* TestHelpers.swift */,
				EE1A420821977255003709FA /* ProjectsAPIDataSourceTest.swift */,
				EE898CB32198ADFD00B62C05 /* PeopleAPIDataSource.swift */,
				EE6CE5B1219483C20063F44E /* Info.plist */,
			);
			path = TeamworkTests;
			sourceTree = "<group>";
		};
		EE6CE5B9219483C20063F44E /* TeamworkUITests */ = {
			isa = PBXGroup;
			children = (
				EE6CE5BA219483C20063F44E /* TeamworkUITests.swift */,
				EE6CE5BC219483C20063F44E /* Info.plist */,
			);
			path = TeamworkUITests;
			sourceTree = "<group>";
		};
		EE6CE5C8219485E20063F44E /* App */ = {
			isa = PBXGroup;
			children = (
				EE6CE5CC219486F40063F44E /* AppDelegate.swift */,
				EE6CE5CB219485F10063F44E /* Assembly */,
				EE6CE5CA219485EC0063F44E /* Extensions */,
			);
			path = App;
			sourceTree = "<group>";
		};
		EE6CE5CA219485EC0063F44E /* Extensions */ = {
			isa = PBXGroup;
			children = (
				EE6CE5D0219487100063F44E /* UIColor+App.swift */,
				EE6CE5D1219487100063F44E /* UIFont+App.swift */,
				EE9E8778219A097E00D24F80 /* UIView+App.swift */,
			);
			path = Extensions;
			sourceTree = "<group>";
		};
		EE6CE5CB219485F10063F44E /* Assembly */ = {
			isa = PBXGroup;
			children = (
				EE6CE5CE219487040063F44E /* Assembly.swift */,
				EE27609F2195E1AA003B1AB1 /* ProjectsDataSourceAssembly.swift */,
				EE2760A12195E21D003B1AB1 /* AccountDataSourceAssembly.swift */,
				EE2760BF2195EA0E003B1AB1 /* ProjectsViewControllerAssembly.swift */,
				EE898CBF2198BFE000B62C05 /* ProjectDetailViewControllerAssembly.swift */,
			);
			path = Assembly;
			sourceTree = "<group>";
		};
		EE9E8775219A08A500D24F80 /* Cells */ = {
			isa = PBXGroup;
			children = (
				EE9E8776219A090E00D24F80 /* CustomCell.swift */,
				EE9E877A219A09F700D24F80 /* LogoView.swift */,
				EE9E877C219A0A4E00D24F80 /* LogoView.xib */,
				EE9E877E219A0D0000D24F80 /* DatesView.swift */,
				EE9E8780219A0D1800D24F80 /* DatesView.xib */,
				EE9E8782219A0E8700D24F80 /* DescriptionView.swift */,
				EE9E8784219A0E9A00D24F80 /* DescriptionView.xib */,
				EEC2DDAD219A2691003FDC52 /* PeopleViewController.swift */,
				EEC2DDAE219A2691003FDC52 /* PeopleViewController.xib */,
				EEC2DDB1219A2738003FDC52 /* PersonCollectionViewCell.swift */,
				EEC2DDB2219A2738003FDC52 /* PersonCollectionViewCell.xib */,
			);
			path = Cells;
			sourceTree = "<group>";
		};
/* End PBXGroup section */

/* Begin PBXNativeTarget section */
		EE6CE596219483C00063F44E /* Teamwork */ = {
			isa = PBXNativeTarget;
			buildConfigurationList = EE6CE5BF219483C20063F44E /* Build configuration list for PBXNativeTarget "Teamwork" */;
			buildPhases = (
				A9C8FD780577E95E55791E95 /* [CP] Check Pods Manifest.lock */,
				EE6CE593219483C00063F44E /* Sources */,
				EE6CE594219483C00063F44E /* Frameworks */,
				EE6CE595219483C00063F44E /* Resources */,
				7CD516248379F7BBDC41016F /* [CP] Embed Pods Frameworks */,
				EE2760942195DD6B003B1AB1 /* ShellScript */,
			);
			buildRules = (
			);
			dependencies = (
			);
			name = Teamwork;
			productName = Teamwork;
			productReference = EE6CE597219483C00063F44E /* Teamwork.app */;
			productType = "com.apple.product-type.application";
		};
		EE6CE5AA219483C20063F44E /* TeamworkTests */ = {
			isa = PBXNativeTarget;
			buildConfigurationList = EE6CE5C2219483C20063F44E /* Build configuration list for PBXNativeTarget "TeamworkTests" */;
			buildPhases = (
				DF01E89131DC825A7EF27CC8 /* [CP] Check Pods Manifest.lock */,
				EE6CE5A7219483C20063F44E /* Sources */,
				EE6CE5A8219483C20063F44E /* Frameworks */,
				EE6CE5A9219483C20063F44E /* Resources */,
				2389159E2320F4DA20017A51 /* [CP] Embed Pods Frameworks */,
			);
			buildRules = (
			);
			dependencies = (
				EE6CE5AD219483C20063F44E /* PBXTargetDependency */,
			);
			name = TeamworkTests;
			productName = TeamworkTests;
			productReference = EE6CE5AB219483C20063F44E /* TeamworkTests.xctest */;
			productType = "com.apple.product-type.bundle.unit-test";
		};
		EE6CE5B5219483C20063F44E /* TeamworkUITests */ = {
			isa = PBXNativeTarget;
			buildConfigurationList = EE6CE5C5219483C20063F44E /* Build configuration list for PBXNativeTarget "TeamworkUITests" */;
			buildPhases = (
				EE6CE5B2219483C20063F44E /* Sources */,
				EE6CE5B3219483C20063F44E /* Frameworks */,
				EE6CE5B4219483C20063F44E /* Resources */,
			);
			buildRules = (
			);
			dependencies = (
				EE6CE5B8219483C20063F44E /* PBXTargetDependency */,
			);
			name = TeamworkUITests;
			productName = TeamworkUITests;
			productReference = EE6CE5B6219483C20063F44E /* TeamworkUITests.xctest */;
			productType = "com.apple.product-type.bundle.ui-testing";
		};
/* End PBXNativeTarget section */

/* Begin PBXProject section */
		EE6CE58F219483C00063F44E /* Project object */ = {
			isa = PBXProject;
			attributes = {
				LastSwiftUpdateCheck = 1000;
				LastUpgradeCheck = 1000;
				ORGANIZATIONNAME = Pedro;
				TargetAttributes = {
					EE6CE596219483C00063F44E = {
						CreatedOnToolsVersion = 10.0;
						LastSwiftMigration = 1000;
					};
					EE6CE5AA219483C20063F44E = {
						CreatedOnToolsVersion = 10.0;
						TestTargetID = EE6CE596219483C00063F44E;
					};
					EE6CE5B5219483C20063F44E = {
						CreatedOnToolsVersion = 10.0;
						TestTargetID = EE6CE596219483C00063F44E;
					};
				};
			};
			buildConfigurationList = EE6CE592219483C00063F44E /* Build configuration list for PBXProject "Teamwork" */;
			compatibilityVersion = "Xcode 9.3";
			developmentRegion = en;
			hasScannedForEncodings = 0;
			knownRegions = (
				en,
				Base,
			);
			mainGroup = EE6CE58E219483C00063F44E;
			productRefGroup = EE6CE598219483C00063F44E /* Products */;
			projectDirPath = "";
			projectRoot = "";
			targets = (
				EE6CE596219483C00063F44E /* Teamwork */,
				EE6CE5AA219483C20063F44E /* TeamworkTests */,
				EE6CE5B5219483C20063F44E /* TeamworkUITests */,
			);
		};
/* End PBXProject section */

/* Begin PBXResourcesBuildPhase section */
		EE6CE595219483C00063F44E /* Resources */ = {
			isa = PBXResourcesBuildPhase;
			buildActionMask = 2147483647;
			files = (
				EE1A420221975EC8003709FA /* Assets.xcassets in Resources */,
				EE9E8785219A0E9A00D24F80 /* DescriptionView.xib in Resources */,
				EE898CBE2198BBF500B62C05 /* ProjectDetailViewController.xib in Resources */,
				EE898CB82198B3BD00B62C05 /* ProjectTableViewCell.xib in Resources */,
				EE9E877D219A0A4E00D24F80 /* LogoView.xib in Resources */,
				EEC2DDB0219A2691003FDC52 /* PeopleViewController.xib in Resources */,
				EE2760BE2195E9B1003B1AB1 /* ProjectsViewController.xib in Resources */,
				EEC2DDB4219A2738003FDC52 /* PersonCollectionViewCell.xib in Resources */,
				EE9E8781219A0D1800D24F80 /* DatesView.xib in Resources */,
			);
			runOnlyForDeploymentPostprocessing = 0;
		};
		EE6CE5A9219483C20063F44E /* Resources */ = {
			isa = PBXResourcesBuildPhase;
			buildActionMask = 2147483647;
			files = (
				EE1A420D21978350003709FA /* Projects.json in Resources */,
				EE1A420F2197872B003709FA /* Person.json in Resources */,
			);
			runOnlyForDeploymentPostprocessing = 0;
		};
		EE6CE5B4219483C20063F44E /* Resources */ = {
			isa = PBXResourcesBuildPhase;
			buildActionMask = 2147483647;
			files = (
			);
			runOnlyForDeploymentPostprocessing = 0;
		};
/* End PBXResourcesBuildPhase section */

/* Begin PBXShellScriptBuildPhase section */
		2389159E2320F4DA20017A51 /* [CP] Embed Pods Frameworks */ = {
			isa = PBXShellScriptBuildPhase;
			buildActionMask = 2147483647;
			files = (
			);
			inputPaths = (
				"${SRCROOT}/Pods/Target Support Files/Pods-TeamworkTests/Pods-TeamworkTests-frameworks.sh",
				"${BUILT_PRODUCTS_DIR}/OHHTTPStubs/OHHTTPStubs.framework",
			);
			name = "[CP] Embed Pods Frameworks";
			outputPaths = (
				"${TARGET_BUILD_DIR}/${FRAMEWORKS_FOLDER_PATH}/OHHTTPStubs.framework",
			);
			runOnlyForDeploymentPostprocessing = 0;
			shellPath = /bin/sh;
			shellScript = "\"${SRCROOT}/Pods/Target Support Files/Pods-TeamworkTests/Pods-TeamworkTests-frameworks.sh\"\n";
			showEnvVarsInLog = 0;
		};
		7CD516248379F7BBDC41016F /* [CP] Embed Pods Frameworks */ = {
			isa = PBXShellScriptBuildPhase;
			buildActionMask = 2147483647;
			files = (
			);
			inputPaths = (
				"${SRCROOT}/Pods/Target Support Files/Pods-Teamwork/Pods-Teamwork-frameworks.sh",
				"${BUILT_PRODUCTS_DIR}/Alamofire/Alamofire.framework",
				"${BUILT_PRODUCTS_DIR}/SDWebImage/SDWebImage.framework",
			);
			name = "[CP] Embed Pods Frameworks";
			outputPaths = (
				"${TARGET_BUILD_DIR}/${FRAMEWORKS_FOLDER_PATH}/Alamofire.framework",
				"${TARGET_BUILD_DIR}/${FRAMEWORKS_FOLDER_PATH}/SDWebImage.framework",
			);
			runOnlyForDeploymentPostprocessing = 0;
			shellPath = /bin/sh;
			shellScript = "\"${SRCROOT}/Pods/Target Support Files/Pods-Teamwork/Pods-Teamwork-frameworks.sh\"\n";
			showEnvVarsInLog = 0;
		};
		A9C8FD780577E95E55791E95 /* [CP] Check Pods Manifest.lock */ = {
			isa = PBXShellScriptBuildPhase;
			buildActionMask = 2147483647;
			files = (
			);
			inputPaths = (
				"${PODS_PODFILE_DIR_PATH}/Podfile.lock",
				"${PODS_ROOT}/Manifest.lock",
			);
			name = "[CP] Check Pods Manifest.lock";
			outputPaths = (
				"$(DERIVED_FILE_DIR)/Pods-Teamwork-checkManifestLockResult.txt",
			);
			runOnlyForDeploymentPostprocessing = 0;
			shellPath = /bin/sh;
			shellScript = "diff \"${PODS_PODFILE_DIR_PATH}/Podfile.lock\" \"${PODS_ROOT}/Manifest.lock\" > /dev/null\nif [ $? != 0 ] ; then\n    # print error to STDERR\n    echo \"error: The sandbox is not in sync with the Podfile.lock. Run 'pod install' or update your CocoaPods installation.\" >&2\n    exit 1\nfi\n# This output is used by Xcode 'outputs' to avoid re-running this script phase.\necho \"SUCCESS\" > \"${SCRIPT_OUTPUT_FILE_0}\"\n";
			showEnvVarsInLog = 0;
		};
		DF01E89131DC825A7EF27CC8 /* [CP] Check Pods Manifest.lock */ = {
			isa = PBXShellScriptBuildPhase;
			buildActionMask = 2147483647;
			files = (
			);
			inputPaths = (
				"${PODS_PODFILE_DIR_PATH}/Podfile.lock",
				"${PODS_ROOT}/Manifest.lock",
			);
			name = "[CP] Check Pods Manifest.lock";
			outputPaths = (
				"$(DERIVED_FILE_DIR)/Pods-TeamworkTests-checkManifestLockResult.txt",
			);
			runOnlyForDeploymentPostprocessing = 0;
			shellPath = /bin/sh;
			shellScript = "diff \"${PODS_PODFILE_DIR_PATH}/Podfile.lock\" \"${PODS_ROOT}/Manifest.lock\" > /dev/null\nif [ $? != 0 ] ; then\n    # print error to STDERR\n    echo \"error: The sandbox is not in sync with the Podfile.lock. Run 'pod install' or update your CocoaPods installation.\" >&2\n    exit 1\nfi\n# This output is used by Xcode 'outputs' to avoid re-running this script phase.\necho \"SUCCESS\" > \"${SCRIPT_OUTPUT_FILE_0}\"\n";
			showEnvVarsInLog = 0;
		};
		EE2760942195DD6B003B1AB1 /* ShellScript */ = {
			isa = PBXShellScriptBuildPhase;
			buildActionMask = 2147483647;
			files = (
			);
			inputPaths = (
			);
			outputPaths = (
			);
			runOnlyForDeploymentPostprocessing = 0;
			shellPath = /bin/sh;
			shellScript = "# Type a script or drag a script file from your workspace to insert its path.\n${PODS_ROOT}/SwiftLint/swiftlint\n";
		};
/* End PBXShellScriptBuildPhase section */

/* Begin PBXSourcesBuildPhase section */
		EE6CE593219483C00063F44E /* Sources */ = {
			isa = PBXSourcesBuildPhase;
			buildActionMask = 2147483647;
			files = (
				EE2760BD2195E9B1003B1AB1 /* ProjectsViewController.swift in Sources */,
				EE2760A22195E21D003B1AB1 /* AccountDataSourceAssembly.swift in Sources */,
				EE9E8777219A090E00D24F80 /* CustomCell.swift in Sources */,
				EE9E8779219A097E00D24F80 /* UIView+App.swift in Sources */,
				EE2760AD2195E327003B1AB1 /* Person.swift in Sources */,
				EE1A420521975F1E003709FA /* APIClient.swift in Sources */,
				EE898CC02198BFE000B62C05 /* ProjectDetailViewControllerAssembly.swift in Sources */,
				EE2760AC2195E327003B1AB1 /* PeopleDataSource.swift in Sources */,
				EE6CE5D3219487100063F44E /* UIFont+App.swift in Sources */,
				EE9E877F219A0D0000D24F80 /* DatesView.swift in Sources */,
				EE2760BA2195E419003B1AB1 /* ProjectsPresenter.swift in Sources */,
				EE6CE5CD219486F40063F44E /* AppDelegate.swift in Sources */,
				EE9E877B219A09F700D24F80 /* LogoView.swift in Sources */,
				EE6CE5CF219487040063F44E /* Assembly.swift in Sources */,
				EE2760C02195EA0E003B1AB1 /* ProjectsViewControllerAssembly.swift in Sources */,
				EE9E8783219A0E8700D24F80 /* DescriptionView.swift in Sources */,
				EE898CBD2198BBF500B62C05 /* ProjectDetailViewController.swift in Sources */,
				EE6CE5D2219487100063F44E /* UIColor+App.swift in Sources */,
				EE898CB72198B3BD00B62C05 /* ProjectTableViewCell.swift in Sources */,
				EEC2DDB3219A2738003FDC52 /* PersonCollectionViewCell.swift in Sources */,
				EE2760AE2195E327003B1AB1 /* ProjectsDataSource.swift in Sources */,
				EE2760AA2195E327003B1AB1 /* Result.swift in Sources */,
				EE2760AB2195E327003B1AB1 /* Project.swift in Sources */,
				EE2760A02195E1AA003B1AB1 /* ProjectsDataSourceAssembly.swift in Sources */,
				EEC2DDAF219A2691003FDC52 /* PeopleViewController.swift in Sources */,
				EE898CB22198AC5000B62C05 /* PeopleAPIDataSource.swift in Sources */,
				EE898CBA2198BBD800B62C05 /* ProjectDetailPresenter.swift in Sources */,
				EE1A42122197885C003709FA /* ProjectsAPIDataSource.swift in Sources */,
			);
			runOnlyForDeploymentPostprocessing = 0;
		};
		EE6CE5A7219483C20063F44E /* Sources */ = {
			isa = PBXSourcesBuildPhase;
			buildActionMask = 2147483647;
			files = (
				EE1A420921977255003709FA /* ProjectsAPIDataSourceTest.swift in Sources */,
				EE6CE5B0219483C20063F44E /* ProjetsPresenterTests.swift in Sources */,
				EE2760C22195F338003B1AB1 /* TestHelpers.swift in Sources */,
				EE898CB42198ADFD00B62C05 /* PeopleAPIDataSource.swift in Sources */,
				EE898CC22198C2C100B62C05 /* ProjectDetailPresenterTests.swift in Sources */,
			);
			runOnlyForDeploymentPostprocessing = 0;
		};
		EE6CE5B2219483C20063F44E /* Sources */ = {
			isa = PBXSourcesBuildPhase;
			buildActionMask = 2147483647;
			files = (
				EE6CE5BB219483C20063F44E /* TeamworkUITests.swift in Sources */,
			);
			runOnlyForDeploymentPostprocessing = 0;
		};
/* End PBXSourcesBuildPhase section */

/* Begin PBXTargetDependency section */
		EE6CE5AD219483C20063F44E /* PBXTargetDependency */ = {
			isa = PBXTargetDependency;
			target = EE6CE596219483C00063F44E /* Teamwork */;
			targetProxy = EE6CE5AC219483C20063F44E /* PBXContainerItemProxy */;
		};
		EE6CE5B8219483C20063F44E /* PBXTargetDependency */ = {
			isa = PBXTargetDependency;
			target = EE6CE596219483C00063F44E /* Teamwork */;
			targetProxy = EE6CE5B7219483C20063F44E /* PBXContainerItemProxy */;
		};
/* End PBXTargetDependency section */

/* Begin XCBuildConfiguration section */
		EE6CE5BD219483C20063F44E /* Debug */ = {
			isa = XCBuildConfiguration;
			buildSettings = {
				ALWAYS_SEARCH_USER_PATHS = NO;
				CLANG_ANALYZER_NONNULL = YES;
				CLANG_ANALYZER_NUMBER_OBJECT_CONVERSION = YES_AGGRESSIVE;
				CLANG_CXX_LANGUAGE_STANDARD = "gnu++14";
				CLANG_CXX_LIBRARY = "libc++";
				CLANG_ENABLE_MODULES = YES;
				CLANG_ENABLE_OBJC_ARC = YES;
				CLANG_ENABLE_OBJC_WEAK = YES;
				CLANG_WARN_BLOCK_CAPTURE_AUTORELEASING = YES;
				CLANG_WARN_BOOL_CONVERSION = YES;
				CLANG_WARN_COMMA = YES;
				CLANG_WARN_CONSTANT_CONVERSION = YES;
				CLANG_WARN_DEPRECATED_OBJC_IMPLEMENTATIONS = YES;
				CLANG_WARN_DIRECT_OBJC_ISA_USAGE = YES_ERROR;
				CLANG_WARN_DOCUMENTATION_COMMENTS = YES;
				CLANG_WARN_EMPTY_BODY = YES;
				CLANG_WARN_ENUM_CONVERSION = YES;
				CLANG_WARN_INFINITE_RECURSION = YES;
				CLANG_WARN_INT_CONVERSION = YES;
				CLANG_WARN_NON_LITERAL_NULL_CONVERSION = YES;
				CLANG_WARN_OBJC_IMPLICIT_RETAIN_SELF = YES;
				CLANG_WARN_OBJC_LITERAL_CONVERSION = YES;
				CLANG_WARN_OBJC_ROOT_CLASS = YES_ERROR;
				CLANG_WARN_RANGE_LOOP_ANALYSIS = YES;
				CLANG_WARN_STRICT_PROTOTYPES = YES;
				CLANG_WARN_SUSPICIOUS_MOVE = YES;
				CLANG_WARN_UNGUARDED_AVAILABILITY = YES_AGGRESSIVE;
				CLANG_WARN_UNREACHABLE_CODE = YES;
				CLANG_WARN__DUPLICATE_METHOD_MATCH = YES;
				CODE_SIGN_IDENTITY = "iPhone Developer";
				COPY_PHASE_STRIP = NO;
				DEBUG_INFORMATION_FORMAT = dwarf;
				ENABLE_STRICT_OBJC_MSGSEND = YES;
				ENABLE_TESTABILITY = YES;
				GCC_C_LANGUAGE_STANDARD = gnu11;
				GCC_DYNAMIC_NO_PIC = NO;
				GCC_NO_COMMON_BLOCKS = YES;
				GCC_OPTIMIZATION_LEVEL = 0;
				GCC_PREPROCESSOR_DEFINITIONS = (
					"DEBUG=1",
					"$(inherited)",
				);
				GCC_WARN_64_TO_32_BIT_CONVERSION = YES;
				GCC_WARN_ABOUT_RETURN_TYPE = YES_ERROR;
				GCC_WARN_UNDECLARED_SELECTOR = YES;
				GCC_WARN_UNINITIALIZED_AUTOS = YES_AGGRESSIVE;
				GCC_WARN_UNUSED_FUNCTION = YES;
				GCC_WARN_UNUSED_VARIABLE = YES;
				IPHONEOS_DEPLOYMENT_TARGET = 12.0;
				MTL_ENABLE_DEBUG_INFO = INCLUDE_SOURCE;
				MTL_FAST_MATH = YES;
				ONLY_ACTIVE_ARCH = YES;
				SDKROOT = iphoneos;
				SWIFT_ACTIVE_COMPILATION_CONDITIONS = DEBUG;
				SWIFT_OPTIMIZATION_LEVEL = "-Onone";
			};
			name = Debug;
		};
		EE6CE5BE219483C20063F44E /* Release */ = {
			isa = XCBuildConfiguration;
			buildSettings = {
				ALWAYS_SEARCH_USER_PATHS = NO;
				CLANG_ANALYZER_NONNULL = YES;
				CLANG_ANALYZER_NUMBER_OBJECT_CONVERSION = YES_AGGRESSIVE;
				CLANG_CXX_LANGUAGE_STANDARD = "gnu++14";
				CLANG_CXX_LIBRARY = "libc++";
				CLANG_ENABLE_MODULES = YES;
				CLANG_ENABLE_OBJC_ARC = YES;
				CLANG_ENABLE_OBJC_WEAK = YES;
				CLANG_WARN_BLOCK_CAPTURE_AUTORELEASING = YES;
				CLANG_WARN_BOOL_CONVERSION = YES;
				CLANG_WARN_COMMA = YES;
				CLANG_WARN_CONSTANT_CONVERSION = YES;
				CLANG_WARN_DEPRECATED_OBJC_IMPLEMENTATIONS = YES;
				CLANG_WARN_DIRECT_OBJC_ISA_USAGE = YES_ERROR;
				CLANG_WARN_DOCUMENTATION_COMMENTS = YES;
				CLANG_WARN_EMPTY_BODY = YES;
				CLANG_WARN_ENUM_CONVERSION = YES;
				CLANG_WARN_INFINITE_RECURSION = YES;
				CLANG_WARN_INT_CONVERSION = YES;
				CLANG_WARN_NON_LITERAL_NULL_CONVERSION = YES;
				CLANG_WARN_OBJC_IMPLICIT_RETAIN_SELF = YES;
				CLANG_WARN_OBJC_LITERAL_CONVERSION = YES;
				CLANG_WARN_OBJC_ROOT_CLASS = YES_ERROR;
				CLANG_WARN_RANGE_LOOP_ANALYSIS = YES;
				CLANG_WARN_STRICT_PROTOTYPES = YES;
				CLANG_WARN_SUSPICIOUS_MOVE = YES;
				CLANG_WARN_UNGUARDED_AVAILABILITY = YES_AGGRESSIVE;
				CLANG_WARN_UNREACHABLE_CODE = YES;
				CLANG_WARN__DUPLICATE_METHOD_MATCH = YES;
				CODE_SIGN_IDENTITY = "iPhone Developer";
				COPY_PHASE_STRIP = NO;
				DEBUG_INFORMATION_FORMAT = "dwarf-with-dsym";
				ENABLE_NS_ASSERTIONS = NO;
				ENABLE_STRICT_OBJC_MSGSEND = YES;
				GCC_C_LANGUAGE_STANDARD = gnu11;
				GCC_NO_COMMON_BLOCKS = YES;
				GCC_WARN_64_TO_32_BIT_CONVERSION = YES;
				GCC_WARN_ABOUT_RETURN_TYPE = YES_ERROR;
				GCC_WARN_UNDECLARED_SELECTOR = YES;
				GCC_WARN_UNINITIALIZED_AUTOS = YES_AGGRESSIVE;
				GCC_WARN_UNUSED_FUNCTION = YES;
				GCC_WARN_UNUSED_VARIABLE = YES;
				IPHONEOS_DEPLOYMENT_TARGET = 12.0;
				MTL_ENABLE_DEBUG_INFO = NO;
				MTL_FAST_MATH = YES;
				SDKROOT = iphoneos;
				SWIFT_COMPILATION_MODE = wholemodule;
				SWIFT_OPTIMIZATION_LEVEL = "-O";
				VALIDATE_PRODUCT = YES;
			};
			name = Release;
		};
		EE6CE5C0219483C20063F44E /* Debug */ = {
			isa = XCBuildConfiguration;
			baseConfigurationReference = 6965E317AA1EC54DD9DF2B51 /* Pods-Teamwork.debug.xcconfig */;
			buildSettings = {
				ASSETCATALOG_COMPILER_APPICON_NAME = AppIcon;
				CLANG_ENABLE_MODULES = YES;
				CODE_SIGN_STYLE = Automatic;
				INFOPLIST_FILE = "$(SRCROOT)/Teamwork/Resources/Info.plist";
				LD_RUNPATH_SEARCH_PATHS = (
					"$(inherited)",
					"@executable_path/Frameworks",
				);
				PRODUCT_BUNDLE_IDENTIFIER = com.pedro.cabrera.Teamwork;
				PRODUCT_NAME = "$(TARGET_NAME)";
				SWIFT_OPTIMIZATION_LEVEL = "-Onone";
				SWIFT_VERSION = 4.2;
				TARGETED_DEVICE_FAMILY = 1;
			};
			name = Debug;
		};
		EE6CE5C1219483C20063F44E /* Release */ = {
			isa = XCBuildConfiguration;
			baseConfigurationReference = 772B3FDA1477F306D8B3AB8D /* Pods-Teamwork.release.xcconfig */;
			buildSettings = {
				ASSETCATALOG_COMPILER_APPICON_NAME = AppIcon;
				CLANG_ENABLE_MODULES = YES;
				CODE_SIGN_STYLE = Automatic;
				INFOPLIST_FILE = "$(SRCROOT)/Teamwork/Resources/Info.plist";
				LD_RUNPATH_SEARCH_PATHS = (
					"$(inherited)",
					"@executable_path/Frameworks",
				);
				PRODUCT_BUNDLE_IDENTIFIER = com.pedro.cabrera.Teamwork;
				PRODUCT_NAME = "$(TARGET_NAME)";
				SWIFT_VERSION = 4.2;
				TARGETED_DEVICE_FAMILY = 1;
			};
			name = Release;
		};
		EE6CE5C3219483C20063F44E /* Debug */ = {
			isa = XCBuildConfiguration;
			baseConfigurationReference = 03BCA9C61041E019443D4AA2 /* Pods-TeamworkTests.debug.xcconfig */;
			buildSettings = {
				BUNDLE_LOADER = "$(TEST_HOST)";
				CODE_SIGN_STYLE = Automatic;
				INFOPLIST_FILE = TeamworkTests/Info.plist;
				LD_RUNPATH_SEARCH_PATHS = (
					"$(inherited)",
					"@executable_path/Frameworks",
					"@loader_path/Frameworks",
				);
				PRODUCT_BUNDLE_IDENTIFIER = com.pedro.cabrera.TeamworkTests;
				PRODUCT_NAME = "$(TARGET_NAME)";
				SWIFT_VERSION = 4.2;
				TARGETED_DEVICE_FAMILY = "1,2";
				TEST_HOST = "$(BUILT_PRODUCTS_DIR)/Teamwork.app/Teamwork";
			};
			name = Debug;
		};
		EE6CE5C4219483C20063F44E /* Release */ = {
			isa = XCBuildConfiguration;
			baseConfigurationReference = BEACF09145B287BAAF020E42 /* Pods-TeamworkTests.release.xcconfig */;
			buildSettings = {
				BUNDLE_LOADER = "$(TEST_HOST)";
				CODE_SIGN_STYLE = Automatic;
				INFOPLIST_FILE = TeamworkTests/Info.plist;
				LD_RUNPATH_SEARCH_PATHS = (
					"$(inherited)",
					"@executable_path/Frameworks",
					"@loader_path/Frameworks",
				);
				PRODUCT_BUNDLE_IDENTIFIER = com.pedro.cabrera.TeamworkTests;
				PRODUCT_NAME = "$(TARGET_NAME)";
				SWIFT_VERSION = 4.2;
				TARGETED_DEVICE_FAMILY = "1,2";
				TEST_HOST = "$(BUILT_PRODUCTS_DIR)/Teamwork.app/Teamwork";
			};
			name = Release;
		};
		EE6CE5C6219483C20063F44E /* Debug */ = {
			isa = XCBuildConfiguration;
			buildSettings = {
				ALWAYS_EMBED_SWIFT_STANDARD_LIBRARIES = YES;
				CODE_SIGN_STYLE = Automatic;
				INFOPLIST_FILE = TeamworkUITests/Info.plist;
				LD_RUNPATH_SEARCH_PATHS = (
					"$(inherited)",
					"@executable_path/Frameworks",
					"@loader_path/Frameworks",
				);
				PRODUCT_BUNDLE_IDENTIFIER = com.pedro.cabrera.TeamworkUITests;
				PRODUCT_NAME = "$(TARGET_NAME)";
				SWIFT_VERSION = 4.2;
				TARGETED_DEVICE_FAMILY = "1,2";
				TEST_TARGET_NAME = Teamwork;
			};
			name = Debug;
		};
		EE6CE5C7219483C20063F44E /* Release */ = {
			isa = XCBuildConfiguration;
			buildSettings = {
				ALWAYS_EMBED_SWIFT_STANDARD_LIBRARIES = YES;
				CODE_SIGN_STYLE = Automatic;
				INFOPLIST_FILE = TeamworkUITests/Info.plist;
				LD_RUNPATH_SEARCH_PATHS = (
					"$(inherited)",
					"@executable_path/Frameworks",
					"@loader_path/Frameworks",
				);
				PRODUCT_BUNDLE_IDENTIFIER = com.pedro.cabrera.TeamworkUITests;
				PRODUCT_NAME = "$(TARGET_NAME)";
				SWIFT_VERSION = 4.2;
				TARGETED_DEVICE_FAMILY = "1,2";
				TEST_TARGET_NAME = Teamwork;
			};
			name = Release;
		};
/* End XCBuildConfiguration section */

/* Begin XCConfigurationList section */
		EE6CE592219483C00063F44E /* Build configuration list for PBXProject "Teamwork" */ = {
			isa = XCConfigurationList;
			buildConfigurations = (
				EE6CE5BD219483C20063F44E /* Debug */,
				EE6CE5BE219483C20063F44E /* Release */,
			);
			defaultConfigurationIsVisible = 0;
			defaultConfigurationName = Release;
		};
		EE6CE5BF219483C20063F44E /* Build configuration list for PBXNativeTarget "Teamwork" */ = {
			isa = XCConfigurationList;
			buildConfigurations = (
				EE6CE5C0219483C20063F44E /* Debug */,
				EE6CE5C1219483C20063F44E /* Release */,
			);
			defaultConfigurationIsVisible = 0;
			defaultConfigurationName = Release;
		};
		EE6CE5C2219483C20063F44E /* Build configuration list for PBXNativeTarget "TeamworkTests" */ = {
			isa = XCConfigurationList;
			buildConfigurations = (
				EE6CE5C3219483C20063F44E /* Debug */,
				EE6CE5C4219483C20063F44E /* Release */,
			);
			defaultConfigurationIsVisible = 0;
			defaultConfigurationName = Release;
		};
		EE6CE5C5219483C20063F44E /* Build configuration list for PBXNativeTarget "TeamworkUITests" */ = {
			isa = XCConfigurationList;
			buildConfigurations = (
				EE6CE5C6219483C20063F44E /* Debug */,
				EE6CE5C7219483C20063F44E /* Release */,
			);
			defaultConfigurationIsVisible = 0;
			defaultConfigurationName = Release;
		};
/* End XCConfigurationList section */
	};
	rootObject = EE6CE58F219483C00063F44E /* Project object */;
}
